
Microsoft Visual Studio Solution File, Format Version 12.00
# Visual Studio 15
VisualStudioVersion = 15.0.27428.2027
MinimumVisualStudioVersion = 10.0.40219.1
Project("{FAE04EC0-301F-11D3-BF4B-00C04F79EFBC}") = "BPMREVB.Android", "BPMREVB\BPMREVB.Android\BPMREVB.Android.csproj", "{A3FEBCC7-DB03-4A2C-91A4-D79DB90321E3}"
EndProject
Project("{FAE04EC0-301F-11D3-BF4B-00C04F79EFBC}") = "BPMREVB.iOS", "BPMREVB\BPMREVB.iOS\BPMREVB.iOS.csproj", "{FB6DB6FC-4585-42CE-8204-F4ED98053C9C}"
EndProject
Project("{FAE04EC0-301F-11D3-BF4B-00C04F79EFBC}") = "BPMREVB.UWP", "BPMREVB\BPMREVB.UWP\BPMREVB.UWP.csproj", "{AE2A4E34-09FA-42B0-AD7D-EA6B9C061697}"
EndProject
Project("{9A19103F-16F7-4668-BE54-9A1E7A4F7556}") = "BPMREVB", "BPMREVB\BPMREVB\BPMREVB.csproj", "{8FD49EA4-295B-4BD5-95D9-39A9429339A7}"
EndProject
Global
	GlobalSection(SolutionConfigurationPlatforms) = preSolution
		Ad-Hoc|Any CPU = Ad-Hoc|Any CPU
		Ad-Hoc|ARM = Ad-Hoc|ARM
		Ad-Hoc|iPhone = Ad-Hoc|iPhone
		Ad-Hoc|iPhoneSimulator = Ad-Hoc|iPhoneSimulator
		Ad-Hoc|x64 = Ad-Hoc|x64
		Ad-Hoc|x86 = Ad-Hoc|x86
		AppStore|Any CPU = AppStore|Any CPU
		AppStore|ARM = AppStore|ARM
		AppStore|iPhone = AppStore|iPhone
		AppStore|iPhoneSimulator = AppStore|iPhoneSimulator
		AppStore|x64 = AppStore|x64
		AppStore|x86 = AppStore|x86
		Debug|Any CPU = Debug|Any CPU
		Debug|ARM = Debug|ARM
		Debug|iPhone = Debug|iPhone
		Debug|iPhoneSimulator = Debug|iPhoneSimulator
		Debug|x64 = Debug|x64
		Debug|x86 = Debug|x86
		Release|Any CPU = Release|Any CPU
		Release|ARM = Release|ARM
		Release|iPhone = Release|iPhone
		Release|iPhoneSimulator = Release|iPhoneSimulator
		Release|x64 = Release|x64
		Release|x86 = Release|x86
	EndGlobalSection
	GlobalSection(ProjectConfigurationPlatforms) = postSolution
		{A3FEBCC7-DB03-4A2C-91A4-D79DB90321E3}.Ad-Hoc|Any CPU.ActiveCfg = Release|Any CPU
		{A3FEBCC7-DB03-4A2C-91A4-D79DB90321E3}.Ad-Hoc|Any CPU.Build.0 = Release|Any CPU
		{A3FEBCC7-DB03-4A2C-91A4-D79DB90321E3}.Ad-Hoc|Any CPU.Deploy.0 = Release|Any CPU
		{A3FEBCC7-DB03-4A2C-91A4-D79DB90321E3}.Ad-Hoc|ARM.ActiveCfg = Release|Any CPU
		{A3FEBCC7-DB03-4A2C-91A4-D79DB90321E3}.Ad-Hoc|ARM.Build.0 = Release|Any CPU
		{A3FEBCC7-DB03-4A2C-91A4-D79DB90321E3}.Ad-Hoc|ARM.Deploy.0 = Release|Any CPU
		{A3FEBCC7-DB03-4A2C-91A4-D79DB90321E3}.Ad-Hoc|iPhone.ActiveCfg = Release|Any CPU
		{A3FEBCC7-DB03-4A2C-91A4-D79DB90321E3}.Ad-Hoc|iPhone.Build.0 = Release|Any CPU
		{A3FEBCC7-DB03-4A2C-91A4-D79DB90321E3}.Ad-Hoc|iPhone.Deploy.0 = Release|Any CPU
		{A3FEBCC7-DB03-4A2C-91A4-D79DB90321E3}.Ad-Hoc|iPhoneSimulator.ActiveCfg = Release|Any CPU
		{A3FEBCC7-DB03-4A2C-91A4-D79DB90321E3}.Ad-Hoc|iPhoneSimulator.Build.0 = Release|Any CPU
		{A3FEBCC7-DB03-4A2C-91A4-D79DB90321E3}.Ad-Hoc|iPhoneSimulator.Deploy.0 = Release|Any CPU
		{A3FEBCC7-DB03-4A2C-91A4-D79DB90321E3}.Ad-Hoc|x64.ActiveCfg = Release|Any CPU
		{A3FEBCC7-DB03-4A2C-91A4-D79DB90321E3}.Ad-Hoc|x64.Build.0 = Release|Any CPU
		{A3FEBCC7-DB03-4A2C-91A4-D79DB90321E3}.Ad-Hoc|x64.Deploy.0 = Release|Any CPU
		{A3FEBCC7-DB03-4A2C-91A4-D79DB90321E3}.Ad-Hoc|x86.ActiveCfg = Release|Any CPU
		{A3FEBCC7-DB03-4A2C-91A4-D79DB90321E3}.Ad-Hoc|x86.Build.0 = Release|Any CPU
		{A3FEBCC7-DB03-4A2C-91A4-D79DB90321E3}.Ad-Hoc|x86.Deploy.0 = Release|Any CPU
		{A3FEBCC7-DB03-4A2C-91A4-D79DB90321E3}.AppStore|Any CPU.ActiveCfg = Release|Any CPU
		{A3FEBCC7-DB03-4A2C-91A4-D79DB90321E3}.AppStore|Any CPU.Build.0 = Release|Any CPU
		{A3FEBCC7-DB03-4A2C-91A4-D79DB90321E3}.AppStore|Any CPU.Deploy.0 = Release|Any CPU
		{A3FEBCC7-DB03-4A2C-91A4-D79DB90321E3}.AppStore|ARM.ActiveCfg = Release|Any CPU
		{A3FEBCC7-DB03-4A2C-91A4-D79DB90321E3}.AppStore|ARM.Build.0 = Release|Any CPU
		{A3FEBCC7-DB03-4A2C-91A4-D79DB90321E3}.AppStore|ARM.Deploy.0 = Release|Any CPU
		{A3FEBCC7-DB03-4A2C-91A4-D79DB90321E3}.AppStore|iPhone.ActiveCfg = Release|Any CPU
		{A3FEBCC7-DB03-4A2C-91A4-D79DB90321E3}.AppStore|iPhone.Build.0 = Release|Any CPU
		{A3FEBCC7-DB03-4A2C-91A4-D79DB90321E3}.AppStore|iPhone.Deploy.0 = Release|Any CPU
		{A3FEBCC7-DB03-4A2C-91A4-D79DB90321E3}.AppStore|iPhoneSimulator.ActiveCfg = Release|Any CPU
		{A3FEBCC7-DB03-4A2C-91A4-D79DB90321E3}.AppStore|iPhoneSimulator.Build.0 = Release|Any CPU
		{A3FEBCC7-DB03-4A2C-91A4-D79DB90321E3}.AppStore|iPhoneSimulator.Deploy.0 = Release|Any CPU
		{A3FEBCC7-DB03-4A2C-91A4-D79DB90321E3}.AppStore|x64.ActiveCfg = Release|Any CPU
		{A3FEBCC7-DB03-4A2C-91A4-D79DB90321E3}.AppStore|x64.Build.0 = Release|Any CPU
		{A3FEBCC7-DB03-4A2C-91A4-D79DB90321E3}.AppStore|x64.Deploy.0 = Release|Any CPU
		{A3FEBCC7-DB03-4A2C-91A4-D79DB90321E3}.AppStore|x86.ActiveCfg = Release|Any CPU
		{A3FEBCC7-DB03-4A2C-91A4-D79DB90321E3}.AppStore|x86.Build.0 = Release|Any CPU
		{A3FEBCC7-DB03-4A2C-91A4-D79DB90321E3}.AppStore|x86.Deploy.0 = Release|Any CPU
		{A3FEBCC7-DB03-4A2C-91A4-D79DB90321E3}.Debug|Any CPU.ActiveCfg = Debug|Any CPU
		{A3FEBCC7-DB03-4A2C-91A4-D79DB90321E3}.Debug|Any CPU.Build.0 = Debug|Any CPU
		{A3FEBCC7-DB03-4A2C-91A4-D79DB90321E3}.Debug|Any CPU.Deploy.0 = Debug|Any CPU
		{A3FEBCC7-DB03-4A2C-91A4-D79DB90321E3}.Debug|ARM.ActiveCfg = Debug|Any CPU
		{A3FEBCC7-DB03-4A2C-91A4-D79DB90321E3}.Debug|ARM.Build.0 = Debug|Any CPU
		{A3FEBCC7-DB03-4A2C-91A4-D79DB90321E3}.Debug|ARM.Deploy.0 = Debug|Any CPU
		{A3FEBCC7-DB03-4A2C-91A4-D79DB90321E3}.Debug|iPhone.ActiveCfg = Debug|Any CPU
		{A3FEBCC7-DB03-4A2C-91A4-D79DB90321E3}.Debug|iPhone.Build.0 = Debug|Any CPU
		{A3FEBCC7-DB03-4A2C-91A4-D79DB90321E3}.Debug|iPhone.Deploy.0 = Debug|Any CPU
		{A3FEBCC7-DB03-4A2C-91A4-D79DB90321E3}.Debug|iPhoneSimulator.ActiveCfg = Debug|Any CPU
		{A3FEBCC7-DB03-4A2C-91A4-D79DB90321E3}.Debug|iPhoneSimulator.Build.0 = Debug|Any CPU
		{A3FEBCC7-DB03-4A2C-91A4-D79DB90321E3}.Debug|iPhoneSimulator.Deploy.0 = Debug|Any CPU
		{A3FEBCC7-DB03-4A2C-91A4-D79DB90321E3}.Debug|x64.ActiveCfg = Debug|Any CPU
		{A3FEBCC7-DB03-4A2C-91A4-D79DB90321E3}.Debug|x64.Build.0 = Debug|Any CPU
		{A3FEBCC7-DB03-4A2C-91A4-D79DB90321E3}.Debug|x64.Deploy.0 = Debug|Any CPU
		{A3FEBCC7-DB03-4A2C-91A4-D79DB90321E3}.Debug|x86.ActiveCfg = Debug|Any CPU
		{A3FEBCC7-DB03-4A2C-91A4-D79DB90321E3}.Debug|x86.Build.0 = Debug|Any CPU
		{A3FEBCC7-DB03-4A2C-91A4-D79DB90321E3}.Debug|x86.Deploy.0 = Debug|Any CPU
		{A3FEBCC7-DB03-4A2C-91A4-D79DB90321E3}.Release|Any CPU.ActiveCfg = Release|Any CPU
		{A3FEBCC7-DB03-4A2C-91A4-D79DB90321E3}.Release|Any CPU.Build.0 = Release|Any CPU
		{A3FEBCC7-DB03-4A2C-91A4-D79DB90321E3}.Release|Any CPU.Deploy.0 = Release|Any CPU
		{A3FEBCC7-DB03-4A2C-91A4-D79DB90321E3}.Release|ARM.ActiveCfg = Release|Any CPU
		{A3FEBCC7-DB03-4A2C-91A4-D79DB90321E3}.Release|ARM.Build.0 = Release|Any CPU
		{A3FEBCC7-DB03-4A2C-91A4-D79DB90321E3}.Release|ARM.Deploy.0 = Release|Any CPU
		{A3FEBCC7-DB03-4A2C-91A4-D79DB90321E3}.Release|iPhone.ActiveCfg = Release|Any CPU
		{A3FEBCC7-DB03-4A2C-91A4-D79DB90321E3}.Release|iPhone.Build.0 = Release|Any CPU
		{A3FEBCC7-DB03-4A2C-91A4-D79DB90321E3}.Release|iPhone.Deploy.0 = Release|Any CPU
		{A3FEBCC7-DB03-4A2C-91A4-D79DB90321E3}.Release|iPhoneSimulator.ActiveCfg = Release|Any CPU
		{A3FEBCC7-DB03-4A2C-91A4-D79DB90321E3}.Release|iPhoneSimulator.Build.0 = Release|Any CPU
		{A3FEBCC7-DB03-4A2C-91A4-D79DB90321E3}.Release|iPhoneSimulator.Deploy.0 = Release|Any CPU
		{A3FEBCC7-DB03-4A2C-91A4-D79DB90321E3}.Release|x64.ActiveCfg = Release|Any CPU
		{A3FEBCC7-DB03-4A2C-91A4-D79DB90321E3}.Release|x64.Build.0 = Release|Any CPU
		{A3FEBCC7-DB03-4A2C-91A4-D79DB90321E3}.Release|x64.Deploy.0 = Release|Any CPU
		{A3FEBCC7-DB03-4A2C-91A4-D79DB90321E3}.Release|x86.ActiveCfg = Release|Any CPU
		{A3FEBCC7-DB03-4A2C-91A4-D79DB90321E3}.Release|x86.Build.0 = Release|Any CPU
		{A3FEBCC7-DB03-4A2C-91A4-D79DB90321E3}.Release|x86.Deploy.0 = Release|Any CPU
		{FB6DB6FC-4585-42CE-8204-F4ED98053C9C}.Ad-Hoc|Any CPU.ActiveCfg = Ad-Hoc|iPhone
		{FB6DB6FC-4585-42CE-8204-F4ED98053C9C}.Ad-Hoc|ARM.ActiveCfg = Ad-Hoc|iPhone
		{FB6DB6FC-4585-42CE-8204-F4ED98053C9C}.Ad-Hoc|iPhone.ActiveCfg = Ad-Hoc|iPhone
		{FB6DB6FC-4585-42CE-8204-F4ED98053C9C}.Ad-Hoc|iPhone.Build.0 = Ad-Hoc|iPhone
		{FB6DB6FC-4585-42CE-8204-F4ED98053C9C}.Ad-Hoc|iPhoneSimulator.ActiveCfg = Ad-Hoc|iPhoneSimulator
		{FB6DB6FC-4585-42CE-8204-F4ED98053C9C}.Ad-Hoc|iPhoneSimulator.Build.0 = Ad-Hoc|iPhoneSimulator
		{FB6DB6FC-4585-42CE-8204-F4ED98053C9C}.Ad-Hoc|x64.ActiveCfg = Ad-Hoc|iPhone
		{FB6DB6FC-4585-42CE-8204-F4ED98053C9C}.Ad-Hoc|x86.ActiveCfg = Ad-Hoc|iPhone
		{FB6DB6FC-4585-42CE-8204-F4ED98053C9C}.AppStore|Any CPU.ActiveCfg = AppStore|iPhone
		{FB6DB6FC-4585-42CE-8204-F4ED98053C9C}.AppStore|ARM.ActiveCfg = AppStore|iPhone
		{FB6DB6FC-4585-42CE-8204-F4ED98053C9C}.AppStore|iPhone.ActiveCfg = AppStore|iPhone
		{FB6DB6FC-4585-42CE-8204-F4ED98053C9C}.AppStore|iPhone.Build.0 = AppStore|iPhone
		{FB6DB6FC-4585-42CE-8204-F4ED98053C9C}.AppStore|iPhoneSimulator.ActiveCfg = AppStore|iPhoneSimulator
		{FB6DB6FC-4585-42CE-8204-F4ED98053C9C}.AppStore|iPhoneSimulator.Build.0 = AppStore|iPhoneSimulator
		{FB6DB6FC-4585-42CE-8204-F4ED98053C9C}.AppStore|x64.ActiveCfg = AppStore|iPhone
		{FB6DB6FC-4585-42CE-8204-F4ED98053C9C}.AppStore|x86.ActiveCfg = AppStore|iPhone
		{FB6DB6FC-4585-42CE-8204-F4ED98053C9C}.Debug|Any CPU.ActiveCfg = Debug|iPhone
		{FB6DB6FC-4585-42CE-8204-F4ED98053C9C}.Debug|ARM.ActiveCfg = Debug|iPhone
		{FB6DB6FC-4585-42CE-8204-F4ED98053C9C}.Debug|iPhone.ActiveCfg = Debug|iPhone
		{FB6DB6FC-4585-42CE-8204-F4ED98053C9C}.Debug|iPhone.Build.0 = Debug|iPhone
		{FB6DB6FC-4585-42CE-8204-F4ED98053C9C}.Debug|iPhoneSimulator.ActiveCfg = Debug|iPhoneSimulator
		{FB6DB6FC-4585-42CE-8204-F4ED98053C9C}.Debug|iPhoneSimulator.Build.0 = Debug|iPhoneSimulator
		{FB6DB6FC-4585-42CE-8204-F4ED98053C9C}.Debug|x64.ActiveCfg = Debug|iPhone
		{FB6DB6FC-4585-42CE-8204-F4ED98053C9C}.Debug|x86.ActiveCfg = Debug|iPhone
		{FB6DB6FC-4585-42CE-8204-F4ED98053C9C}.Debug|x86.Build.0 = Debug|iPhone
		{FB6DB6FC-4585-42CE-8204-F4ED98053C9C}.Release|Any CPU.ActiveCfg = Release|iPhone
		{FB6DB6FC-4585-42CE-8204-F4ED98053C9C}.Release|ARM.ActiveCfg = Release|iPhone
		{FB6DB6FC-4585-42CE-8204-F4ED98053C9C}.Release|iPhone.ActiveCfg = Release|iPhone
		{FB6DB6FC-4585-42CE-8204-F4ED98053C9C}.Release|iPhone.Build.0 = Release|iPhone
		{FB6DB6FC-4585-42CE-8204-F4ED98053C9C}.Release|iPhoneSimulator.ActiveCfg = Release|iPhoneSimulator
		{FB6DB6FC-4585-42CE-8204-F4ED98053C9C}.Release|iPhoneSimulator.Build.0 = Release|iPhoneSimulator
		{FB6DB6FC-4585-42CE-8204-F4ED98053C9C}.Release|x64.ActiveCfg = Release|iPhone
		{FB6DB6FC-4585-42CE-8204-F4ED98053C9C}.Release|x86.ActiveCfg = Release|iPhone
		{AE2A4E34-09FA-42B0-AD7D-EA6B9C061697}.Ad-Hoc|Any CPU.ActiveCfg = Release|x86
		{AE2A4E34-09FA-42B0-AD7D-EA6B9C061697}.Ad-Hoc|Any CPU.Build.0 = Release|x86
		{AE2A4E34-09FA-42B0-AD7D-EA6B9C061697}.Ad-Hoc|Any CPU.Deploy.0 = Release|x86
		{AE2A4E34-09FA-42B0-AD7D-EA6B9C061697}.Ad-Hoc|ARM.ActiveCfg = Release|ARM
		{AE2A4E34-09FA-42B0-AD7D-EA6B9C061697}.Ad-Hoc|ARM.Build.0 = Release|ARM
		{AE2A4E34-09FA-42B0-AD7D-EA6B9C061697}.Ad-Hoc|ARM.Deploy.0 = Release|ARM
		{AE2A4E34-09FA-42B0-AD7D-EA6B9C061697}.Ad-Hoc|iPhone.ActiveCfg = Release|x86
		{AE2A4E34-09FA-42B0-AD7D-EA6B9C061697}.Ad-Hoc|iPhone.Build.0 = Release|x86
		{AE2A4E34-09FA-42B0-AD7D-EA6B9C061697}.Ad-Hoc|iPhone.Deploy.0 = Release|x86
		{AE2A4E34-09FA-42B0-AD7D-EA6B9C061697}.Ad-Hoc|iPhoneSimulator.ActiveCfg = Release|x86
		{AE2A4E34-09FA-42B0-AD7D-EA6B9C061697}.Ad-Hoc|iPhoneSimulator.Build.0 = Release|x86
		{AE2A4E34-09FA-42B0-AD7D-EA6B9C061697}.Ad-Hoc|iPhoneSimulator.Deploy.0 = Release|x86
		{AE2A4E34-09FA-42B0-AD7D-EA6B9C061697}.Ad-Hoc|x64.ActiveCfg = Release|x64
		{AE2A4E34-09FA-42B0-AD7D-EA6B9C061697}.Ad-Hoc|x64.Build.0 = Release|x64
		{AE2A4E34-09FA-42B0-AD7D-EA6B9C061697}.Ad-Hoc|x64.Deploy.0 = Release|x64
		{AE2A4E34-09FA-42B0-AD7D-EA6B9C061697}.Ad-Hoc|x86.ActiveCfg = Release|x86
		{AE2A4E34-09FA-42B0-AD7D-EA6B9C061697}.Ad-Hoc|x86.Build.0 = Release|x86
		{AE2A4E34-09FA-42B0-AD7D-EA6B9C061697}.Ad-Hoc|x86.Deploy.0 = Release|x86
		{AE2A4E34-09FA-42B0-AD7D-EA6B9C061697}.AppStore|Any CPU.ActiveCfg = Release|x86
		{AE2A4E34-09FA-42B0-AD7D-EA6B9C061697}.AppStore|Any CPU.Build.0 = Release|x86
		{AE2A4E34-09FA-42B0-AD7D-EA6B9C061697}.AppStore|Any CPU.Deploy.0 = Release|x86
		{AE2A4E34-09FA-42B0-AD7D-EA6B9C061697}.AppStore|ARM.ActiveCfg = Release|ARM
		{AE2A4E34-09FA-42B0-AD7D-EA6B9C061697}.AppStore|ARM.Build.0 = Release|ARM
		{AE2A4E34-09FA-42B0-AD7D-EA6B9C061697}.AppStore|ARM.Deploy.0 = Release|ARM
		{AE2A4E34-09FA-42B0-AD7D-EA6B9C061697}.AppStore|iPhone.ActiveCfg = Release|x86
		{AE2A4E34-09FA-42B0-AD7D-EA6B9C061697}.AppStore|iPhone.Build.0 = Release|x86
		{AE2A4E34-09FA-42B0-AD7D-EA6B9C061697}.AppStore|iPhone.Deploy.0 = Release|x86
		{AE2A4E34-09FA-42B0-AD7D-EA6B9C061697}.AppStore|iPhoneSimulator.ActiveCfg = Release|x86
		{AE2A4E34-09FA-42B0-AD7D-EA6B9C061697}.AppStore|iPhoneSimulator.Build.0 = Release|x86
		{AE2A4E34-09FA-42B0-AD7D-EA6B9C061697}.AppStore|iPhoneSimulator.Deploy.0 = Release|x86
		{AE2A4E34-09FA-42B0-AD7D-EA6B9C061697}.AppStore|x64.ActiveCfg = Release|x64
		{AE2A4E34-09FA-42B0-AD7D-EA6B9C061697}.AppStore|x64.Build.0 = Release|x64
		{AE2A4E34-09FA-42B0-AD7D-EA6B9C061697}.AppStore|x64.Deploy.0 = Release|x64
		{AE2A4E34-09FA-42B0-AD7D-EA6B9C061697}.AppStore|x86.ActiveCfg = Release|x86
		{AE2A4E34-09FA-42B0-AD7D-EA6B9C061697}.AppStore|x86.Build.0 = Release|x86
		{AE2A4E34-09FA-42B0-AD7D-EA6B9C061697}.AppStore|x86.Deploy.0 = Release|x86
		{AE2A4E34-09FA-42B0-AD7D-EA6B9C061697}.Debug|Any CPU.ActiveCfg = Debug|x86
		{AE2A4E34-09FA-42B0-AD7D-EA6B9C061697}.Debug|ARM.ActiveCfg = Debug|ARM
		{AE2A4E34-09FA-42B0-AD7D-EA6B9C061697}.Debug|ARM.Build.0 = Debug|ARM
		{AE2A4E34-09FA-42B0-AD7D-EA6B9C061697}.Debug|ARM.Deploy.0 = Debug|ARM
		{AE2A4E34-09FA-42B0-AD7D-EA6B9C061697}.Debug|iPhone.ActiveCfg = Debug|x86
		{AE2A4E34-09FA-42B0-AD7D-EA6B9C061697}.Debug|iPhone.Build.0 = Debug|x86
		{AE2A4E34-09FA-42B0-AD7D-EA6B9C061697}.Debug|iPhoneSimulator.ActiveCfg = Debug|x86
		{AE2A4E34-09FA-42B0-AD7D-EA6B9C061697}.Debug|x64.ActiveCfg = Debug|x64
		{AE2A4E34-09FA-42B0-AD7D-EA6B9C061697}.Debug|x64.Build.0 = Debug|x64
		{AE2A4E34-09FA-42B0-AD7D-EA6B9C061697}.Debug|x64.Deploy.0 = Debug|x64
		{AE2A4E34-09FA-42B0-AD7D-EA6B9C061697}.Debug|x86.ActiveCfg = Debug|x86
		{AE2A4E34-09FA-42B0-AD7D-EA6B9C061697}.Debug|x86.Build.0 = Debug|x86
		{AE2A4E34-09FA-42B0-AD7D-EA6B9C061697}.Debug|x86.Deploy.0 = Debug|x86
		{AE2A4E34-09FA-42B0-AD7D-EA6B9C061697}.Release|Any CPU.ActiveCfg = Release|x86
		{AE2A4E34-09FA-42B0-AD7D-EA6B9C061697}.Release|ARM.ActiveCfg = Release|ARM
		{AE2A4E34-09FA-42B0-AD7D-EA6B9C061697}.Release|ARM.Build.0 = Release|ARM
		{AE2A4E34-09FA-42B0-AD7D-EA6B9C061697}.Release|ARM.Deploy.0 = Release|ARM
		{AE2A4E34-09FA-42B0-AD7D-EA6B9C061697}.Release|iPhone.ActiveCfg = Release|x86
		{AE2A4E34-09FA-42B0-AD7D-EA6B9C061697}.Release|iPhoneSimulator.ActiveCfg = Release|x86
		{AE2A4E34-09FA-42B0-AD7D-EA6B9C061697}.Release|x64.ActiveCfg = Release|x64
		{AE2A4E34-09FA-42B0-AD7D-EA6B9C061697}.Release|x64.Build.0 = Release|x64
		{AE2A4E34-09FA-42B0-AD7D-EA6B9C061697}.Release|x64.Deploy.0 = Release|x64
		{AE2A4E34-09FA-42B0-AD7D-EA6B9C061697}.Release|x86.ActiveCfg = Release|x86
		{AE2A4E34-09FA-42B0-AD7D-EA6B9C061697}.Release|x86.Build.0 = Release|x86
		{AE2A4E34-09FA-42B0-AD7D-EA6B9C061697}.Release|x86.Deploy.0 = Release|x86
		{8FD49EA4-295B-4BD5-95D9-39A9429339A7}.Ad-Hoc|Any CPU.ActiveCfg = Debug|Any CPU
		{8FD49EA4-295B-4BD5-95D9-39A9429339A7}.Ad-Hoc|Any CPU.Build.0 = Debug|Any CPU
		{8FD49EA4-295B-4BD5-95D9-39A9429339A7}.Ad-Hoc|ARM.ActiveCfg = Debug|Any CPU
		{8FD49EA4-295B-4BD5-95D9-39A9429339A7}.Ad-Hoc|ARM.Build.0 = Debug|Any CPU
		{8FD49EA4-295B-4BD5-95D9-39A9429339A7}.Ad-Hoc|iPhone.ActiveCfg = Debug|Any CPU
		{8FD49EA4-295B-4BD5-95D9-39A9429339A7}.Ad-Hoc|iPhone.Build.0 = Debug|Any CPU
		{8FD49EA4-295B-4BD5-95D9-39A9429339A7}.Ad-Hoc|iPhoneSimulator.ActiveCfg = Debug|Any CPU
		{8FD49EA4-295B-4BD5-95D9-39A9429339A7}.Ad-Hoc|iPhoneSimulator.Build.0 = Debug|Any CPU
		{8FD49EA4-295B-4BD5-95D9-39A9429339A7}.Ad-Hoc|x64.ActiveCfg = Debug|Any CPU
		{8FD49EA4-295B-4BD5-95D9-39A9429339A7}.Ad-Hoc|x64.Build.0 = Debug|Any CPU
		{8FD49EA4-295B-4BD5-95D9-39A9429339A7}.Ad-Hoc|x86.ActiveCfg = Debug|Any CPU
		{8FD49EA4-295B-4BD5-95D9-39A9429339A7}.Ad-Hoc|x86.Build.0 = Debug|Any CPU
		{8FD49EA4-295B-4BD5-95D9-39A9429339A7}.AppStore|Any CPU.ActiveCfg = Debug|Any CPU
		{8FD49EA4-295B-4BD5-95D9-39A9429339A7}.AppStore|Any CPU.Build.0 = Debug|Any CPU
		{8FD49EA4-295B-4BD5-95D9-39A9429339A7}.AppStore|ARM.ActiveCfg = Debug|Any CPU
		{8FD49EA4-295B-4BD5-95D9-39A9429339A7}.AppStore|ARM.Build.0 = Debug|Any CPU
		{8FD49EA4-295B-4BD5-95D9-39A9429339A7}.AppStore|iPhone.ActiveCfg = Debug|Any CPU
		{8FD49EA4-295B-4BD5-95D9-39A9429339A7}.AppStore|iPhone.Build.0 = Debug|Any CPU
		{8FD49EA4-295B-4BD5-95D9-39A9429339A7}.AppStore|iPhoneSimulator.ActiveCfg = Debug|Any CPU
		{8FD49EA4-295B-4BD5-95D9-39A9429339A7}.AppStore|iPhoneSimulator.Build.0 = Debug|Any CPU
		{8FD49EA4-295B-4BD5-95D9-39A9429339A7}.AppStore|x64.ActiveCfg = Debug|Any CPU
		{8FD49EA4-295B-4BD5-95D9-39A9429339A7}.AppStore|x64.Build.0 = Debug|Any CPU
		{8FD49EA4-295B-4BD5-95D9-39A9429339A7}.AppStore|x86.ActiveCfg = Debug|Any CPU
		{8FD49EA4-295B-4BD5-95D9-39A9429339A7}.AppStore|x86.Build.0 = Debug|Any CPU
		{8FD49EA4-295B-4BD5-95D9-39A9429339A7}.Debug|Any CPU.ActiveCfg = Debug|Any CPU
		{8FD49EA4-295B-4BD5-95D9-39A9429339A7}.Debug|Any CPU.Build.0 = Debug|Any CPU
		{8FD49EA4-295B-4BD5-95D9-39A9429339A7}.Debug|ARM.ActiveCfg = Debug|Any CPU
		{8FD49EA4-295B-4BD5-95D9-39A9429339A7}.Debug|ARM.Build.0 = Debug|Any CPU
		{8FD49EA4-295B-4BD5-95D9-39A9429339A7}.Debug|iPhone.ActiveCfg = Debug|Any CPU
		{8FD49EA4-295B-4BD5-95D9-39A9429339A7}.Debug|iPhone.Build.0 = Debug|Any CPU
		{8FD49EA4-295B-4BD5-95D9-39A9429339A7}.Debug|iPhoneSimulator.ActiveCfg = Debug|Any CPU
		{8FD49EA4-295B-4BD5-95D9-39A9429339A7}.Debug|iPhoneSimulator.Build.0 = Debug|Any CPU
		{8FD49EA4-295B-4BD5-95D9-39A9429339A7}.Debug|x64.ActiveCfg = Debug|Any CPU
		{8FD49EA4-295B-4BD5-95D9-39A9429339A7}.Debug|x64.Build.0 = Debug|Any CPU
		{8FD49EA4-295B-4BD5-95D9-39A9429339A7}.Debug|x86.ActiveCfg = Debug|Any CPU
		{8FD49EA4-295B-4BD5-95D9-39A9429339A7}.Debug|x86.Build.0 = Debug|Any CPU
		{8FD49EA4-295B-4BD5-95D9-39A9429339A7}.Release|Any CPU.ActiveCfg = Release|Any CPU
		{8FD49EA4-295B-4BD5-95D9-39A9429339A7}.Release|Any CPU.Build.0 = Release|Any CPU
		{8FD49EA4-295B-4BD5-95D9-39A9429339A7}.Release|ARM.ActiveCfg = Release|Any CPU
		{8FD49EA4-295B-4BD5-95D9-39A9429339A7}.Release|ARM.Build.0 = Release|Any CPU
		{8FD49EA4-295B-4BD5-95D9-39A9429339A7}.Release|iPhone.ActiveCfg = Release|Any CPU
		{8FD49EA4-295B-4BD5-95D9-39A9429339A7}.Release|iPhone.Build.0 = Release|Any CPU
		{8FD49EA4-295B-4BD5-95D9-39A9429339A7}.Release|iPhoneSimulator.ActiveCfg = Release|Any CPU
		{8FD49EA4-295B-4BD5-95D9-39A9429339A7}.Release|iPhoneSimulator.Build.0 = Release|Any CPU
		{8FD49EA4-295B-4BD5-95D9-39A9429339A7}.Release|x64.ActiveCfg = Release|Any CPU
		{8FD49EA4-295B-4BD5-95D9-39A9429339A7}.Release|x64.Build.0 = Release|Any CPU
		{8FD49EA4-295B-4BD5-95D9-39A9429339A7}.Release|x86.ActiveCfg = Release|Any CPU
		{8FD49EA4-295B-4BD5-95D9-39A9429339A7}.Release|x86.Build.0 = Release|Any CPU
	EndGlobalSection
	GlobalSection(SolutionProperties) = preSolution
		HideSolutionNode = FALSE
	EndGlobalSection
	GlobalSection(ExtensibilityGlobals) = postSolution
		SolutionGuid = {ABFAB97D-1FFE-4450-A142-0684B1DCDB1A}
	EndGlobalSection
EndGlobal
